
Microsoft Visual Studio Solution File, Format Version 12.00
# Visual Studio Version 17
VisualStudioVersion = 17.9.34607.119
MinimumVisualStudioVersion = 10.0.40219.1
Project("{FAE04EC0-301F-11D3-BF4B-00C04F79EFBC}") = "RealSenseWpf", "RealSenseWpf\RealSenseWpf.csproj", "{0BD0E6EB-FEA4-4939-9519-53A4F6043A3A}"
EndProject
Project("{9A19103F-16F7-4668-BE54-9A1E7A4F7556}") = "RealSenseCam", "RealSenseCam\RealSenseCam.csproj", "{294E38D5-D13E-4FB2-8FEA-A6CBA5557031}"
EndProject
Global
	GlobalSection(SolutionConfigurationPlatforms) = preSolution
		Debug|Any CPU = Debug|Any CPU
		Release|Any CPU = Release|Any CPU
	EndGlobalSection
	GlobalSection(ProjectConfigurationPlatforms) = postSolution
		{0BD0E6EB-FEA4-4939-9519-53A4F6043A3A}.Debug|Any CPU.ActiveCfg = Debug|Any CPU
		{0BD0E6EB-FEA4-4939-9519-53A4F6043A3A}.Debug|Any CPU.Build.0 = Debug|Any CPU
		{0BD0E6EB-FEA4-4939-9519-53A4F6043A3A}.Release|Any CPU.ActiveCfg = Release|Any CPU
		{0BD0E6EB-FEA4-4939-9519-53A4F6043A3A}.Release|Any CPU.Build.0 = Release|Any CPU
		{294E38D5-D13E-4FB2-8FEA-A6CBA5557031}.Debug|Any CPU.ActiveCfg = Debug|Any CPU
		{294E38D5-D13E-4FB2-8FEA-A6CBA5557031}.Debug|Any CPU.Build.0 = Debug|Any CPU
		{294E38D5-D13E-4FB2-8FEA-A6CBA5557031}.Release|Any CPU.ActiveCfg = Release|Any CPU
		{294E38D5-D13E-4FB2-8FEA-A6CBA5557031}.Release|Any CPU.Build.0 = Release|Any CPU
	EndGlobalSection
	GlobalSection(SolutionProperties) = preSolution
		HideSolutionNode = FALSE
	EndGlobalSection
	GlobalSection(ExtensibilityGlobals) = postSolution
		SolutionGuid = {D8A66B24-743F-4BA4-B7A5-FDD5CEBE4509}
	EndGlobalSection
EndGlobal
